{
  "originHash" : "7ec8d46e41056fb021545e198943fe90f983c95ca37b6b2ef77c67efd173fd12",
  "pins" : [
    {
      "identity" : "fluidaudio",
      "kind" : "remoteSourceControl",
      "location" : "https://github.com/Oruk-AI/FluidAudio.git",
      "state" : {
        "revision" : "ddc95f4d03d5be12bf84eeb6e4bde5b724356d88",
        "version" : "0.15.5-orukeet.1"
      }
    }
  ],
  "version" : 3
}
